// !$*UTF8*$!
{
	archiveVersion = 1;
	classes = {
	};
	objectVersion = 48;
	objects = {

/* Begin PBXBuildFile section */
		17C107D3203E7A24005BCDF2 /* AppDelegate.swift in Sources */ = {isa = PBXBuildFile; fileRef = 17C107D2203E7A24005BCDF2 /* AppDelegate.swift */; };
		17C107D5203E7A24005BCDF2 /* ViewController.swift in Sources */ = {isa = PBXBuildFile; fileRef = 17C107D4203E7A24005BCDF2 /* ViewController.swift */; };
		17C107D8203E7A24005BCDF2 /* Main.storyboard in Resources */ = {isa = PBXBuildFile; fileRef = 17C107D6203E7A24005BCDF2 /* Main.storyboard */; };
		17C107DA203E7A24005BCDF2 /* Assets.xcassets in Resources */ = {isa = PBXBuildFile; fileRef = 17C107D9203E7A24005BCDF2 /* Assets.xcassets */; };
		17C107DD203E7A24005BCDF2 /* LaunchScreen.storyboard in Resources */ = {isa = PBXBuildFile; fileRef = 17C107DB203E7A24005BCDF2 /* LaunchScreen.storyboard */; };
		17C107E8203E7A24005BCDF2 /* MapDrawLocationTests.swift in Sources */ = {isa = PBXBuildFile; fileRef = 17C107E7203E7A24005BCDF2 /* MapDrawLocationTests.swift */; };
		17C107F3203E7A24005BCDF2 /* MapDrawLocationUITests.swift in Sources */ = {isa = PBXBuildFile; fileRef = 17C107F2203E7A24005BCDF2 /* MapDrawLocationUITests.swift */; };
/* End PBXBuildFile section */

/* Begin PBXContainerItemProxy section */
		17C107E4203E7A24005BCDF2 /* PBXContainerItemProxy */ = {
			isa = PBXContainerItemProxy;
			containerPortal = 17C107C7203E7A23005BCDF2 /* Project object */;
			proxyType = 1;
			remoteGlobalIDString = 17C107CE203E7A23005BCDF2;
			remoteInfo = MapDrawLocation;
		};
		17C107EF203E7A24005BCDF2 /* PBXContainerItemProxy */ = {
			isa = PBXContainerItemProxy;
			containerPortal = 17C107C7203E7A23005BCDF2 /* Project object */;
			proxyType = 1;
			remoteGlobalIDString = 17C107CE203E7A23005BCDF2;
			remoteInfo = MapDrawLocation;
		};
/* End PBXContainerItemProxy section */

/* Begin PBXFileReference section */
		17C107CF203E7A23005BCDF2 /* MapDrawLocation.app */ = {isa = PBXFileReference; explicitFileType = wrapper.application; includeInIndex = 0; path = MapDrawLocation.app; sourceTree = BUILT_PRODUCTS_DIR; };
		17C107D2203E7A24005BCDF2 /* AppDelegate.swift */ = {isa = PBXFileReference; lastKnownFileType = sourcecode.swift; path = AppDelegate.swift; sourceTree = "<group>"; };
		17C107D4203E7A24005BCDF2 /* ViewController.swift */ = {isa = PBXFileReference; lastKnownFileType = sourcecode.swift; path = ViewController.swift; sourceTree = "<group>"; };
		17C107D7203E7A24005BCDF2 /* Base */ = {isa = PBXFileReference; lastKnownFileType = file.storyboard; name = Base; path = Base.lproj/Main.storyboard; sourceTree = "<group>"; };
		17C107D9203E7A24005BCDF2 /* Assets.xcassets */ = {isa = PBXFileReference; lastKnownFileType = folder.assetcatalog; path = Assets.xcassets; sourceTree = "<group>"; };
		17C107DC203E7A24005BCDF2 /* Base */ = {isa = PBXFileReference; lastKnownFileType = file.storyboard; name = Base; path = Base.lproj/LaunchScreen.storyboard; sourceTree = "<group>"; };
		17C107DE203E7A24005BCDF2 /* Info.plist */ = {isa = PBXFileReference; lastKnownFileType = text.plist.xml; path = Info.plist; sourceTree = "<group>"; };
		17C107E3203E7A24005BCDF2 /* MapDrawLocationTests.xctest */ = {isa = PBXFileReference; explicitFileType = wrapper.cfbundle; includeInIndex = 0; path = MapDrawLocationTests.xctest; sourceTree = BUILT_PRODUCTS_DIR; };
		17C107E7203E7A24005BCDF2 /* MapDrawLocationTests.swift */ = {isa = PBXFileReference; lastKnownFileType = sourcecode.swift; path = MapDrawLocationTests.swift; sourceTree = "<group>"; };
		17C107E9203E7A24005BCDF2 /* Info.plist */ = {isa = PBXFileReference; lastKnownFileType = text.plist.xml; path = Info.plist; sourceTree = "<group>"; };
		17C107EE203E7A24005BCDF2 /* MapDrawLocationUITests.xctest */ = {isa = PBXFileReference; explicitFileType = wrapper.cfbundle; includeInIndex = 0; path = MapDrawLocationUITests.xctest; sourceTree = BUILT_PRODUCTS_DIR; };
		17C107F2203E7A24005BCDF2 /* MapDrawLocationUITests.swift */ = {isa = PBXFileReference; lastKnownFileType = sourcecode.swift; path = MapDrawLocationUITests.swift; sourceTree = "<group>"; };
		17C107F4203E7A24005BCDF2 /* Info.plist */ = {isa = PBXFileReference; lastKnownFileType = text.plist.xml; path = Info.plist; sourceTree = "<group>"; };
/* End PBXFileReference section */

/* Begin PBXFrameworksBuildPhase section */
		17C107CC203E7A23005BCDF2 /* Frameworks */ = {
			isa = PBXFrameworksBuildPhase;
			buildActionMask = 2147483647;
			files = (
			);
			runOnlyForDeploymentPostprocessing = 0;
		};
		17C107E0203E7A24005BCDF2 /* Frameworks */ = {
			isa = PBXFrameworksBuildPhase;
			buildActionMask = 2147483647;
			files = (
			);
			runOnlyForDeploymentPostprocessing = 0;
		};
		17C107EB203E7A24005BCDF2 /* Frameworks */ = {
			isa = PBXFrameworksBuildPhase;
			buildActionMask = 2147483647;
			files = (
			);
			runOnlyForDeploymentPostprocessing = 0;
		};
/* End PBXFrameworksBuildPhase section */

/* Begin PBXGroup section */
		17C107C6203E7A23005BCDF2 = {
			isa = PBXGroup;
			children = (
				17C107D1203E7A23005BCDF2 /* MapDrawLocation */,
				17C107E6203E7A24005BCDF2 /* MapDrawLocationTests */,
				17C107F1203E7A24005BCDF2 /* MapDrawLocationUITests */,
				17C107D0203E7A23005BCDF2 /* Products */,
			);
			sourceTree = "<group>";
		};
		17C107D0203E7A23005BCDF2 /* Products */ = {
			isa = PBXGroup;
			children = (
				17C107CF203E7A23005BCDF2 /* MapDrawLocation.app */,
				17C107E3203E7A24005BCDF2 /* MapDrawLocationTests.xctest */,
				17C107EE203E7A24005BCDF2 /* MapDrawLocationUITests.xctest */,
			);
			name = Products;
			sourceTree = "<group>";
		};
		17C107D1203E7A23005BCDF2 /* MapDrawLocation */ = {
			isa = PBXGroup;
			children = (
				17C107D2203E7A24005BCDF2 /* AppDelegate.swift */,
				17C107D4203E7A24005BCDF2 /* ViewController.swift */,
				17C107D6203E7A24005BCDF2 /* Main.storyboard */,
				17C107D9203E7A24005BCDF2 /* Assets.xcassets */,
				17C107DB203E7A24005BCDF2 /* LaunchScreen.storyboard */,
				17C107DE203E7A24005BCDF2 /* Info.plist */,
			);
			path = MapDrawLocation;
			sourceTree = "<group>";
		};
		17C107E6203E7A24005BCDF2 /* MapDrawLocationTests */ = {
			isa = PBXGroup;
			children = (
				17C107E7203E7A24005BCDF2 /* MapDrawLocationTests.swift */,
				17C107E9203E7A24005BCDF2 /* Info.plist */,
			);
			path = MapDrawLocationTests;
			sourceTree = "<group>";
		};
		17C107F1203E7A24005BCDF2 /* MapDrawLocationUITests */ = {
			isa = PBXGroup;
			children = (
				17C107F2203E7A24005BCDF2 /* MapDrawLocationUITests.swift */,
				17C107F4203E7A24005BCDF2 /* Info.plist */,
			);
			path = MapDrawLocationUITests;
			sourceTree = "<group>";
		};
/* End PBXGroup section */

/* Begin PBXNativeTarget section */
		17C107CE203E7A23005BCDF2 /* MapDrawLocation */ = {
			isa = PBXNativeTarget;
			buildConfigurationList = 17C107F7203E7A24005BCDF2 /* Build configuration list for PBXNativeTarget "MapDrawLocation" */;
			buildPhases = (
				17C107CB203E7A23005BCDF2 /* Sources */,
				17C107CC203E7A23005BCDF2 /* Frameworks */,
				17C107CD203E7A23005BCDF2 /* Resources */,
			);
			buildRules = (
			);
			dependencies = (
			);
			name = MapDrawLocation;
			productName = MapDrawLocation;
			productReference = 17C107CF203E7A23005BCDF2 /* MapDrawLocation.app */;
			productType = "com.apple.product-type.application";
		};
		17C107E2203E7A24005BCDF2 /* MapDrawLocationTests */ = {
			isa = PBXNativeTarget;
			buildConfigurationList = 17C107FA203E7A24005BCDF2 /* Build configuration list for PBXNativeTarget "MapDrawLocationTests" */;
			buildPhases = (
				17C107DF203E7A24005BCDF2 /* Sources */,
				17C107E0203E7A24005BCDF2 /* Frameworks */,
				17C107E1203E7A24005BCDF2 /* Resources */,
			);
			buildRules = (
			);
			dependencies = (
				17C107E5203E7A24005BCDF2 /* PBXTargetDependency */,
			);
			name = MapDrawLocationTests;
			productName = MapDrawLocationTests;
			productReference = 17C107E3203E7A24005BCDF2 /* MapDrawLocationTests.xctest */;
			productType = "com.apple.product-type.bundle.unit-test";
		};
		17C107ED203E7A24005BCDF2 /* MapDrawLocationUITests */ = {
			isa = PBXNativeTarget;
			buildConfigurationList = 17C107FD203E7A24005BCDF2 /* Build configuration list for PBXNativeTarget "MapDrawLocationUITests" */;
			buildPhases = (
				17C107EA203E7A24005BCDF2 /* Sources */,
				17C107EB203E7A24005BCDF2 /* Frameworks */,
				17C107EC203E7A24005BCDF2 /* Resources */,
			);
			buildRules = (
			);
			dependencies = (
				17C107F0203E7A24005BCDF2 /* PBXTargetDependency */,
			);
			name = MapDrawLocationUITests;
			productName = MapDrawLocationUITests;
			productReference = 17C107EE203E7A24005BCDF2 /* MapDrawLocationUITests.xctest */;
			productType = "com.apple.product-type.bundle.ui-testing";
		};
/* End PBXNativeTarget section */

/* Begin PBXProject section */
		17C107C7203E7A23005BCDF2 /* Project object */ = {
			isa = PBXProject;
			attributes = {
				LastSwiftUpdateCheck = 0920;
				LastUpgradeCheck = 0920;
				ORGANIZATIONNAME = Anand;
				TargetAttributes = {
					17C107CE203E7A23005BCDF2 = {
						CreatedOnToolsVersion = 9.2;
						ProvisioningStyle = Automatic;
					};
					17C107E2203E7A24005BCDF2 = {
						CreatedOnToolsVersion = 9.2;
						ProvisioningStyle = Automatic;
						TestTargetID = 17C107CE203E7A23005BCDF2;
					};
					17C107ED203E7A24005BCDF2 = {
						CreatedOnToolsVersion = 9.2;
						ProvisioningStyle = Automatic;
						TestTargetID = 17C107CE203E7A23005BCDF2;
					};
				};
			};
			buildConfigurationList = 17C107CA203E7A23005BCDF2 /* Build configuration list for PBXProject "MapDrawLocation" */;
			compatibilityVersion = "Xcode 8.0";
			developmentRegion = en;
			hasScannedForEncodings = 0;
			knownRegions = (
				en,
				Base,
			);
			mainGroup = 17C107C6203E7A23005BCDF2;
			productRefGroup = 17C107D0203E7A23005BCDF2 /* Products */;
			projectDirPath = "";
			projectRoot = "";
			targets = (
				17C107CE203E7A23005BCDF2 /* MapDrawLocation */,
				17C107E2203E7A24005BCDF2 /* MapDrawLocationTests */,
				17C107ED203E7A24005BCDF2 /* MapDrawLocationUITests */,
			);
		};
/* End PBXProject section */

/* Begin PBXResourcesBuildPhase section */
		17C107CD203E7A23005BCDF2 /* Resources */ = {
			isa = PBXResourcesBuildPhase;
			buildActionMask = 2147483647;
			files = (
				17C107DD203E7A24005BCDF2 /* LaunchScreen.storyboard in Resources */,
				17C107DA203E7A24005BCDF2 /* Assets.xcassets in Resources */,
				17C107D8203E7A24005BCDF2 /* Main.storyboard in Resources */,
			);
			runOnlyForDeploymentPostprocessing = 0;
		};
		17C107E1203E7A24005BCDF2 /* Resources */ = {
			isa = PBXResourcesBuildPhase;
			buildActionMask = 2147483647;
			files = (
			);
			runOnlyForDeploymentPostprocessing = 0;
		};
		17C107EC203E7A24005BCDF2 /* Resources */ = {
			isa = PBXResourcesBuildPhase;
			buildActionMask = 2147483647;
			files = (
			);
			runOnlyForDeploymentPostprocessing = 0;
		};
/* End PBXResourcesBuildPhase section */

/* Begin PBXSourcesBuildPhase section */
		17C107CB203E7A23005BCDF2 /* Sources */ = {
			isa = PBXSourcesBuildPhase;
			buildActionMask = 2147483647;
			files = (
				17C107D5203E7A24005BCDF2 /* ViewController.swift in Sources */,
				17C107D3203E7A24005BCDF2 /* AppDelegate.swift in Sources */,
			);
			runOnlyForDeploymentPostprocessing = 0;
		};
		17C107DF203E7A24005BCDF2 /* Sources */ = {
			isa = PBXSourcesBuildPhase;
			buildActionMask = 2147483647;
			files = (
				17C107E8203E7A24005BCDF2 /* MapDrawLocationTests.swift in Sources */,
			);
			runOnlyForDeploymentPostprocessing = 0;
		};
		17C107EA203E7A24005BCDF2 /* Sources */ = {
			isa = PBXSourcesBuildPhase;
			buildActionMask = 2147483647;
			files = (
				17C107F3203E7A24005BCDF2 /* MapDrawLocationUITests.swift in Sources */,
			);
			runOnlyForDeploymentPostprocessing = 0;
		};
/* End PBXSourcesBuildPhase section */

/* Begin PBXTargetDependency section */
		17C107E5203E7A24005BCDF2 /* PBXTargetDependency */ = {
			isa = PBXTargetDependency;
			target = 17C107CE203E7A23005BCDF2 /* MapDrawLocation */;
			targetProxy = 17C107E4203E7A24005BCDF2 /* PBXContainerItemProxy */;
		};
		17C107F0203E7A24005BCDF2 /* PBXTargetDependency */ = {
			isa = PBXTargetDependency;
			target = 17C107CE203E7A23005BCDF2 /* MapDrawLocation */;
			targetProxy = 17C107EF203E7A24005BCDF2 /* PBXContainerItemProxy */;
		};
/* End PBXTargetDependency section */

/* Begin PBXVariantGroup section */
		17C107D6203E7A24005BCDF2 /* Main.storyboard */ = {
			isa = PBXVariantGroup;
			children = (
				17C107D7203E7A24005BCDF2 /* Base */,
			);
			name = Main.storyboard;
			sourceTree = "<group>";
		};
		17C107DB203E7A24005BCDF2 /* LaunchScreen.storyboard */ = {
			isa = PBXVariantGroup;
			children = (
				17C107DC203E7A24005BCDF2 /* Base */,
			);
			name = LaunchScreen.storyboard;
			sourceTree = "<group>";
		};
/* End PBXVariantGroup section */

/* Begin XCBuildConfiguration section */
		17C107F5203E7A24005BCDF2 /* Debug */ = {
			isa = XCBuildConfiguration;
			buildSettings = {
				ALWAYS_SEARCH_USER_PATHS = NO;
				CLANG_ANALYZER_NONNULL = YES;
				CLANG_ANALYZER_NUMBER_OBJECT_CONVERSION = YES_AGGRESSIVE;
				CLANG_CXX_LANGUAGE_STANDARD = "gnu++14";
				CLANG_CXX_LIBRARY = "libc++";
				CLANG_ENABLE_MODULES = YES;
				CLANG_ENABLE_OBJC_ARC = YES;
				CLANG_WARN_BLOCK_CAPTURE_AUTORELEASING = YES;
				CLANG_WARN_BOOL_CONVERSION = YES;
				CLANG_WARN_COMMA = YES;
				CLANG_WARN_CONSTANT_CONVERSION = YES;
				CLANG_WARN_DIRECT_OBJC_ISA_USAGE = YES_ERROR;
				CLANG_WARN_DOCUMENTATION_COMMENTS = YES;
				CLANG_WARN_EMPTY_BODY = YES;
				CLANG_WARN_ENUM_CONVERSION = YES;
				CLANG_WARN_INFINITE_RECURSION = YES;
				CLANG_WARN_INT_CONVERSION = YES;
				CLANG_WARN_NON_LITERAL_NULL_CONVERSION = YES;
				CLANG_WARN_OBJC_LITERAL_CONVERSION = YES;
				CLANG_WARN_OBJC_ROOT_CLASS = YES_ERROR;
				CLANG_WARN_RANGE_LOOP_ANALYSIS = YES;
				CLANG_WARN_STRICT_PROTOTYPES = YES;
				CLANG_WARN_SUSPICIOUS_MOVE = YES;
				CLANG_WARN_UNGUARDED_AVAILABILITY = YES_AGGRESSIVE;
				CLANG_WARN_UNREACHABLE_CODE = YES;
				CLANG_WARN__DUPLICATE_METHOD_MATCH = YES;
				CODE_SIGN_IDENTITY = "iPhone Developer";
				COPY_PHASE_STRIP = NO;
				DEBUG_INFORMATION_FORMAT = dwarf;
				ENABLE_STRICT_OBJC_MSGSEND = YES;
				ENABLE_TESTABILITY = YES;
				GCC_C_LANGUAGE_STANDARD = gnu11;
				GCC_DYNAMIC_NO_PIC = NO;
				GCC_NO_COMMON_BLOCKS = YES;
				GCC_OPTIMIZATION_LEVEL = 0;
				GCC_PREPROCESSOR_DEFINITIONS = (
					"DEBUG=1",
					"$(inherited)",
				);
				GCC_WARN_64_TO_32_BIT_CONVERSION = YES;
				GCC_WARN_ABOUT_RETURN_TYPE = YES_ERROR;
				GCC_WARN_UNDECLARED_SELECTOR = YES;
				GCC_WARN_UNINITIALIZED_AUTOS = YES_AGGRESSIVE;
				GCC_WARN_UNUSED_FUNCTION = YES;
				GCC_WARN_UNUSED_VARIABLE = YES;
				IPHONEOS_DEPLOYMENT_TARGET = 11.2;
				MTL_ENABLE_DEBUG_INFO = YES;
				ONLY_ACTIVE_ARCH = YES;
				SDKROOT = iphoneos;
				SWIFT_ACTIVE_COMPILATION_CONDITIONS = DEBUG;
				SWIFT_OPTIMIZATION_LEVEL = "-Onone";
			};
			name = Debug;
		};
		17C107F6203E7A24005BCDF2 /* Release */ = {
			isa = XCBuildConfiguration;
			buildSettings = {
				ALWAYS_SEARCH_USER_PATHS = NO;
				CLANG_ANALYZER_NONNULL = YES;
				CLANG_ANALYZER_NUMBER_OBJECT_CONVERSION = YES_AGGRESSIVE;
				CLANG_CXX_LANGUAGE_STANDARD = "gnu++14";
				CLANG_CXX_LIBRARY = "libc++";
				CLANG_ENABLE_MODULES = YES;
				CLANG_ENABLE_OBJC_ARC = YES;
				CLANG_WARN_BLOCK_CAPTURE_AUTORELEASING = YES;
				CLANG_WARN_BOOL_CONVERSION = YES;
				CLANG_WARN_COMMA = YES;
				CLANG_WARN_CONSTANT_CONVERSION = YES;
				CLANG_WARN_DIRECT_OBJC_ISA_USAGE = YES_ERROR;
				CLANG_WARN_DOCUMENTATION_COMMENTS = YES;
				CLANG_WARN_EMPTY_BODY = YES;
				CLANG_WARN_ENUM_CONVERSION = YES;
				CLANG_WARN_INFINITE_RECURSION = YES;
				CLANG_WARN_INT_CONVERSION = YES;
				CLANG_WARN_NON_LITERAL_NULL_CONVERSION = YES;
				CLANG_WARN_OBJC_LITERAL_CONVERSION = YES;
				CLANG_WARN_OBJC_ROOT_CLASS = YES_ERROR;
				CLANG_WARN_RANGE_LOOP_ANALYSIS = YES;
				CLANG_WARN_STRICT_PROTOTYPES = YES;
				CLANG_WARN_SUSPICIOUS_MOVE = YES;
				CLANG_WARN_UNGUARDED_AVAILABILITY = YES_AGGRESSIVE;
				CLANG_WARN_UNREACHABLE_CODE = YES;
				CLANG_WARN__DUPLICATE_METHOD_MATCH = YES;
				CODE_SIGN_IDENTITY = "iPhone Developer";
				COPY_PHASE_STRIP = NO;
				DEBUG_INFORMATION_FORMAT = "dwarf-with-dsym";
				ENABLE_NS_ASSERTIONS = NO;
				ENABLE_STRICT_OBJC_MSGSEND = YES;
				GCC_C_LANGUAGE_STANDARD = gnu11;
				GCC_NO_COMMON_BLOCKS = YES;
				GCC_WARN_64_TO_32_BIT_CONVERSION = YES;
				GCC_WARN_ABOUT_RETURN_TYPE = YES_ERROR;
				GCC_WARN_UNDECLARED_SELECTOR = YES;
				GCC_WARN_UNINITIALIZED_AUTOS = YES_AGGRESSIVE;
				GCC_WARN_UNUSED_FUNCTION = YES;
				GCC_WARN_UNUSED_VARIABLE = YES;
				IPHONEOS_DEPLOYMENT_TARGET = 11.2;
				MTL_ENABLE_DEBUG_INFO = NO;
				SDKROOT = iphoneos;
				SWIFT_OPTIMIZATION_LEVEL = "-Owholemodule";
				VALIDATE_PRODUCT = YES;
			};
			name = Release;
		};
		17C107F8203E7A24005BCDF2 /* Debug */ = {
			isa = XCBuildConfiguration;
			buildSettings = {
				ASSETCATALOG_COMPILER_APPICON_NAME = AppIcon;
				CODE_SIGN_STYLE = Automatic;
				INFOPLIST_FILE = MapDrawLocation/Info.plist;
				LD_RUNPATH_SEARCH_PATHS = "$(inherited) @executable_path/Frameworks";
				PRODUCT_BUNDLE_IDENTIFIER = anscoder.MapDrawLocation;
				PRODUCT_NAME = "$(TARGET_NAME)";
				SWIFT_VERSION = 4.0;
				TARGETED_DEVICE_FAMILY = "1,2";
			};
			name = Debug;
		};
		17C107F9203E7A24005BCDF2 /* Release */ = {
			isa = XCBuildConfiguration;
			buildSettings = {
				ASSETCATALOG_COMPILER_APPICON_NAME = AppIcon;
				CODE_SIGN_STYLE = Automatic;
				INFOPLIST_FILE = MapDrawLocation/Info.plist;
				LD_RUNPATH_SEARCH_PATHS = "$(inherited) @executable_path/Frameworks";
				PRODUCT_BUNDLE_IDENTIFIER = anscoder.MapDrawLocation;
				PRODUCT_NAME = "$(TARGET_NAME)";
				SWIFT_VERSION = 4.0;
				TARGETED_DEVICE_FAMILY = "1,2";
			};
			name = Release;
		};
		17C107FB203E7A24005BCDF2 /* Debug */ = {
			isa = XCBuildConfiguration;
			buildSettings = {
				ALWAYS_EMBED_SWIFT_STANDARD_LIBRARIES = YES;
				BUNDLE_LOADER = "$(TEST_HOST)";
				CODE_SIGN_STYLE = Automatic;
				INFOPLIST_FILE = MapDrawLocationTests/Info.plist;
				LD_RUNPATH_SEARCH_PATHS = "$(inherited) @executable_path/Frameworks @loader_path/Frameworks";
				PRODUCT_BUNDLE_IDENTIFIER = anscoder.MapDrawLocationTests;
				PRODUCT_NAME = "$(TARGET_NAME)";
				SWIFT_VERSION = 4.0;
				TARGETED_DEVICE_FAMILY = "1,2";
				TEST_HOST = "$(BUILT_PRODUCTS_DIR)/MapDrawLocation.app/MapDrawLocation";
			};
			name = Debug;
		};
		17C107FC203E7A24005BCDF2 /* Release */ = {
			isa = XCBuildConfiguration;
			buildSettings = {
				ALWAYS_EMBED_SWIFT_STANDARD_LIBRARIES = YES;
				BUNDLE_LOADER = "$(TEST_HOST)";
				CODE_SIGN_STYLE = Automatic;
				INFOPLIST_FILE = MapDrawLocationTests/Info.plist;
				LD_RUNPATH_SEARCH_PATHS = "$(inherited) @executable_path/Frameworks @loader_path/Frameworks";
				PRODUCT_BUNDLE_IDENTIFIER = anscoder.MapDrawLocationTests;
				PRODUCT_NAME = "$(TARGET_NAME)";
				SWIFT_VERSION = 4.0;
				TARGETED_DEVICE_FAMILY = "1,2";
				TEST_HOST = "$(BUILT_PRODUCTS_DIR)/MapDrawLocation.app/MapDrawLocation";
			};
			name = Release;
		};
		17C107FE203E7A24005BCDF2 /* Debug */ = {
			isa = XCBuildConfiguration;
			buildSettings = {
				ALWAYS_EMBED_SWIFT_STANDARD_LIBRARIES = YES;
				CODE_SIGN_STYLE = Automatic;
				INFOPLIST_FILE = MapDrawLocationUITests/Info.plist;
				LD_RUNPATH_SEARCH_PATHS = "$(inherited) @executable_path/Frameworks @loader_path/Frameworks";
				PRODUCT_BUNDLE_IDENTIFIER = anscoder.MapDrawLocationUITests;
				PRODUCT_NAME = "$(TARGET_NAME)";
				SWIFT_VERSION = 4.0;
				TARGETED_DEVICE_FAMILY = "1,2";
				TEST_TARGET_NAME = MapDrawLocation;
			};
			name = Debug;
		};
		17C107FF203E7A24005BCDF2 /* Release */ = {
			isa = XCBuildConfiguration;
			buildSettings = {
				ALWAYS_EMBED_SWIFT_STANDARD_LIBRARIES = YES;
				CODE_SIGN_STYLE = Automatic;
				INFOPLIST_FILE = MapDrawLocationUITests/Info.plist;
				LD_RUNPATH_SEARCH_PATHS = "$(inherited) @executable_path/Frameworks @loader_path/Frameworks";
				PRODUCT_BUNDLE_IDENTIFIER = anscoder.MapDrawLocationUITests;
				PRODUCT_NAME = "$(TARGET_NAME)";
				SWIFT_VERSION = 4.0;
				TARGETED_DEVICE_FAMILY = "1,2";
				TEST_TARGET_NAME = MapDrawLocation;
			};
			name = Release;
		};
/* End XCBuildConfiguration section */

/* Begin XCConfigurationList section */
		17C107CA203E7A23005BCDF2 /* Build configuration list for PBXProject "MapDrawLocation" */ = {
			isa = XCConfigurationList;
			buildConfigurations = (
				17C107F5203E7A24005BCDF2 /* Debug */,
				17C107F6203E7A24005BCDF2 /* Release */,
			);
			defaultConfigurationIsVisible = 0;
			defaultConfigurationName = Release;
		};
		17C107F7203E7A24005BCDF2 /* Build configuration list for PBXNativeTarget "MapDrawLocation" */ = {
			isa = XCConfigurationList;
			buildConfigurations = (
				17C107F8203E7A24005BCDF2 /* Debug */,
				17C107F9203E7A24005BCDF2 /* Release */,
			);
			defaultConfigurationIsVisible = 0;
			defaultConfigurationName = Release;
		};
		17C107FA203E7A24005BCDF2 /* Build configuration list for PBXNativeTarget "MapDrawLocationTests" */ = {
			isa = XCConfigurationList;
			buildConfigurations = (
				17C107FB203E7A24005BCDF2 /* Debug */,
				17C107FC203E7A24005BCDF2 /* Release */,
			);
			defaultConfigurationIsVisible = 0;
			defaultConfigurationName = Release;
		};
		17C107FD203E7A24005BCDF2 /* Build configuration list for PBXNativeTarget "MapDrawLocationUITests" */ = {
			isa = XCConfigurationList;
			buildConfigurations = (
				17C107FE203E7A24005BCDF2 /* Debug */,
				17C107FF203E7A24005BCDF2 /* Release */,
			);
			defaultConfigurationIsVisible = 0;
			defaultConfigurationName = Release;
		};
/* End XCConfigurationList section */
	};
	rootObject = 17C107C7203E7A23005BCDF2 /* Project object */;
}
